
Microsoft Visual Studio Solution File, Format Version 12.00
# Visual Studio Version 17
VisualStudioVersion = 17.0.31903.59
MinimumVisualStudioVersion = 10.0.40219.1
Project("{2150E333-8FDC-42A3-9474-1A3956D46DE8}") = "src", "src", "{827E0CD3-B72D-47B6-A68D-7590B98EB39B}"
EndProject
Project("{FAE04EC0-301F-11D3-BF4B-00C04F79EFBC}") = "TextEdit.Core", "src\TextEdit.Core\TextEdit.Core.csproj", "{65F25752-AA74-4738-83A4-CC2686BEC49B}"
EndProject
Project("{FAE04EC0-301F-11D3-BF4B-00C04F79EFBC}") = "TextEdit.Rendering", "src\TextEdit.Rendering\TextEdit.Rendering.csproj", "{08A45529-A266-431B-AC01-2532645CFE2F}"
EndProject
Project("{FAE04EC0-301F-11D3-BF4B-00C04F79EFBC}") = "TextEdit.Extensions", "src\TextEdit.Extensions\TextEdit.Extensions.csproj", "{D51528B9-13F5-40FF-9FAC-72D5295C445F}"
EndProject
Project("{2150E333-8FDC-42A3-9474-1A3956D46DE8}") = "samples", "samples", "{5D20AA90-6969-D8BD-9DCD-8634F4692FDA}"
EndProject
Project("{FAE04EC0-301F-11D3-BF4B-00C04F79EFBC}") = "TextEdit.Sandbox", "samples\TextEdit.Sandbox\TextEdit.Sandbox.csproj", "{F8BC69A9-EFDA-4385-AE40-5B44CD00D9A7}"
EndProject
Project("{2150E333-8FDC-42A3-9474-1A3956D46DE8}") = "tests", "tests", "{0AB3BF05-4346-4AA6-1389-037BE0695223}"
EndProject
Project("{2150E333-8FDC-42A3-9474-1A3956D46DE8}") = "benchmarks", "benchmarks", "{6C73E6AB-D704-A97F-1BED-3C67E832B020}"
EndProject
Project("{FAE04EC0-301F-11D3-BF4B-00C04F79EFBC}") = "TextEdit.Benchmarks", "tests\benchmarks\TextEdit.Benchmarks\TextEdit.Benchmarks.csproj", "{F261B56F-55C4-48EB-BB4F-60D38ED4D0F9}"
EndProject
Project("{2150E333-8FDC-42A3-9474-1A3956D46DE8}") = "unit", "unit", "{9D556B49-86D1-93A7-9596-FFAAB74EC556}"
EndProject
Project("{FAE04EC0-301F-11D3-BF4B-00C04F79EFBC}") = "TextEdit.Core.Tests", "tests\unit\TextEdit.Core.Tests\TextEdit.Core.Tests.csproj", "{AAC72962-4807-46E7-AF8B-42EF9E9A1E9A}"
EndProject
Project("{FAE04EC0-301F-11D3-BF4B-00C04F79EFBC}") = "TextEdit.Controls", "src\TextEdit.Controls\TextEdit.Controls.csproj", "{C528E861-3245-42C2-B3CE-F88C993746AB}"
EndProject
Project("{FAE04EC0-301F-11D3-BF4B-00C04F79EFBC}") = "TextEdit.Controls.Tests", "tests\unit\TextEdit.Controls.Tests\TextEdit.Controls.Tests.csproj", "{07A86AE6-96E8-4FC5-9443-4A53FBC9D579}"
EndProject
Global
	GlobalSection(SolutionConfigurationPlatforms) = preSolution
		Debug|Any CPU = Debug|Any CPU
		Debug|x64 = Debug|x64
		Debug|x86 = Debug|x86
		Release|Any CPU = Release|Any CPU
		Release|x64 = Release|x64
		Release|x86 = Release|x86
	EndGlobalSection
	GlobalSection(ProjectConfigurationPlatforms) = postSolution
		{65F25752-AA74-4738-83A4-CC2686BEC49B}.Debug|Any CPU.ActiveCfg = Debug|Any CPU
		{65F25752-AA74-4738-83A4-CC2686BEC49B}.Debug|Any CPU.Build.0 = Debug|Any CPU
		{65F25752-AA74-4738-83A4-CC2686BEC49B}.Debug|x64.ActiveCfg = Debug|Any CPU
		{65F25752-AA74-4738-83A4-CC2686BEC49B}.Debug|x64.Build.0 = Debug|Any CPU
		{65F25752-AA74-4738-83A4-CC2686BEC49B}.Debug|x86.ActiveCfg = Debug|Any CPU
		{65F25752-AA74-4738-83A4-CC2686BEC49B}.Debug|x86.Build.0 = Debug|Any CPU
		{65F25752-AA74-4738-83A4-CC2686BEC49B}.Release|Any CPU.ActiveCfg = Release|Any CPU
		{65F25752-AA74-4738-83A4-CC2686BEC49B}.Release|Any CPU.Build.0 = Release|Any CPU
		{65F25752-AA74-4738-83A4-CC2686BEC49B}.Release|x64.ActiveCfg = Release|Any CPU
		{65F25752-AA74-4738-83A4-CC2686BEC49B}.Release|x64.Build.0 = Release|Any CPU
		{65F25752-AA74-4738-83A4-CC2686BEC49B}.Release|x86.ActiveCfg = Release|Any CPU
		{65F25752-AA74-4738-83A4-CC2686BEC49B}.Release|x86.Build.0 = Release|Any CPU
		{08A45529-A266-431B-AC01-2532645CFE2F}.Debug|Any CPU.ActiveCfg = Debug|Any CPU
		{08A45529-A266-431B-AC01-2532645CFE2F}.Debug|Any CPU.Build.0 = Debug|Any CPU
		{08A45529-A266-431B-AC01-2532645CFE2F}.Debug|x64.ActiveCfg = Debug|Any CPU
		{08A45529-A266-431B-AC01-2532645CFE2F}.Debug|x64.Build.0 = Debug|Any CPU
		{08A45529-A266-431B-AC01-2532645CFE2F}.Debug|x86.ActiveCfg = Debug|Any CPU
		{08A45529-A266-431B-AC01-2532645CFE2F}.Debug|x86.Build.0 = Debug|Any CPU
		{08A45529-A266-431B-AC01-2532645CFE2F}.Release|Any CPU.ActiveCfg = Release|Any CPU
		{08A45529-A266-431B-AC01-2532645CFE2F}.Release|Any CPU.Build.0 = Release|Any CPU
		{08A45529-A266-431B-AC01-2532645CFE2F}.Release|x64.ActiveCfg = Release|Any CPU
		{08A45529-A266-431B-AC01-2532645CFE2F}.Release|x64.Build.0 = Release|Any CPU
		{08A45529-A266-431B-AC01-2532645CFE2F}.Release|x86.ActiveCfg = Release|Any CPU
		{08A45529-A266-431B-AC01-2532645CFE2F}.Release|x86.Build.0 = Release|Any CPU
		{D51528B9-13F5-40FF-9FAC-72D5295C445F}.Debug|Any CPU.ActiveCfg = Debug|Any CPU
		{D51528B9-13F5-40FF-9FAC-72D5295C445F}.Debug|Any CPU.Build.0 = Debug|Any CPU
		{D51528B9-13F5-40FF-9FAC-72D5295C445F}.Debug|x64.ActiveCfg = Debug|Any CPU
		{D51528B9-13F5-40FF-9FAC-72D5295C445F}.Debug|x64.Build.0 = Debug|Any CPU
		{D51528B9-13F5-40FF-9FAC-72D5295C445F}.Debug|x86.ActiveCfg = Debug|Any CPU
		{D51528B9-13F5-40FF-9FAC-72D5295C445F}.Debug|x86.Build.0 = Debug|Any CPU
		{D51528B9-13F5-40FF-9FAC-72D5295C445F}.Release|Any CPU.ActiveCfg = Release|Any CPU
		{D51528B9-13F5-40FF-9FAC-72D5295C445F}.Release|Any CPU.Build.0 = Release|Any CPU
		{D51528B9-13F5-40FF-9FAC-72D5295C445F}.Release|x64.ActiveCfg = Release|Any CPU
		{D51528B9-13F5-40FF-9FAC-72D5295C445F}.Release|x64.Build.0 = Release|Any CPU
		{D51528B9-13F5-40FF-9FAC-72D5295C445F}.Release|x86.ActiveCfg = Release|Any CPU
		{D51528B9-13F5-40FF-9FAC-72D5295C445F}.Release|x86.Build.0 = Release|Any CPU
		{F8BC69A9-EFDA-4385-AE40-5B44CD00D9A7}.Debug|Any CPU.ActiveCfg = Debug|Any CPU
		{F8BC69A9-EFDA-4385-AE40-5B44CD00D9A7}.Debug|Any CPU.Build.0 = Debug|Any CPU
		{F8BC69A9-EFDA-4385-AE40-5B44CD00D9A7}.Debug|x64.ActiveCfg = Debug|Any CPU
		{F8BC69A9-EFDA-4385-AE40-5B44CD00D9A7}.Debug|x64.Build.0 = Debug|Any CPU
		{F8BC69A9-EFDA-4385-AE40-5B44CD00D9A7}.Debug|x86.ActiveCfg = Debug|Any CPU
		{F8BC69A9-EFDA-4385-AE40-5B44CD00D9A7}.Debug|x86.Build.0 = Debug|Any CPU
		{F8BC69A9-EFDA-4385-AE40-5B44CD00D9A7}.Release|Any CPU.ActiveCfg = Release|Any CPU
		{F8BC69A9-EFDA-4385-AE40-5B44CD00D9A7}.Release|Any CPU.Build.0 = Release|Any CPU
		{F8BC69A9-EFDA-4385-AE40-5B44CD00D9A7}.Release|x64.ActiveCfg = Release|Any CPU
		{F8BC69A9-EFDA-4385-AE40-5B44CD00D9A7}.Release|x64.Build.0 = Release|Any CPU
		{F8BC69A9-EFDA-4385-AE40-5B44CD00D9A7}.Release|x86.ActiveCfg = Release|Any CPU
		{F8BC69A9-EFDA-4385-AE40-5B44CD00D9A7}.Release|x86.Build.0 = Release|Any CPU
		{F261B56F-55C4-48EB-BB4F-60D38ED4D0F9}.Debug|Any CPU.ActiveCfg = Debug|Any CPU
		{F261B56F-55C4-48EB-BB4F-60D38ED4D0F9}.Debug|Any CPU.Build.0 = Debug|Any CPU
		{F261B56F-55C4-48EB-BB4F-60D38ED4D0F9}.Debug|x64.ActiveCfg = Debug|Any CPU
		{F261B56F-55C4-48EB-BB4F-60D38ED4D0F9}.Debug|x64.Build.0 = Debug|Any CPU
		{F261B56F-55C4-48EB-BB4F-60D38ED4D0F9}.Debug|x86.ActiveCfg = Debug|Any CPU
		{F261B56F-55C4-48EB-BB4F-60D38ED4D0F9}.Debug|x86.Build.0 = Debug|Any CPU
		{F261B56F-55C4-48EB-BB4F-60D38ED4D0F9}.Release|Any CPU.ActiveCfg = Release|Any CPU
		{F261B56F-55C4-48EB-BB4F-60D38ED4D0F9}.Release|Any CPU.Build.0 = Release|Any CPU
		{F261B56F-55C4-48EB-BB4F-60D38ED4D0F9}.Release|x64.ActiveCfg = Release|Any CPU
		{F261B56F-55C4-48EB-BB4F-60D38ED4D0F9}.Release|x64.Build.0 = Release|Any CPU
		{F261B56F-55C4-48EB-BB4F-60D38ED4D0F9}.Release|x86.ActiveCfg = Release|Any CPU
		{F261B56F-55C4-48EB-BB4F-60D38ED4D0F9}.Release|x86.Build.0 = Release|Any CPU
		{AAC72962-4807-46E7-AF8B-42EF9E9A1E9A}.Debug|Any CPU.ActiveCfg = Debug|Any CPU
		{AAC72962-4807-46E7-AF8B-42EF9E9A1E9A}.Debug|Any CPU.Build.0 = Debug|Any CPU
		{AAC72962-4807-46E7-AF8B-42EF9E9A1E9A}.Debug|x64.ActiveCfg = Debug|Any CPU
		{AAC72962-4807-46E7-AF8B-42EF9E9A1E9A}.Debug|x64.Build.0 = Debug|Any CPU
		{AAC72962-4807-46E7-AF8B-42EF9E9A1E9A}.Debug|x86.ActiveCfg = Debug|Any CPU
		{AAC72962-4807-46E7-AF8B-42EF9E9A1E9A}.Debug|x86.Build.0 = Debug|Any CPU
		{AAC72962-4807-46E7-AF8B-42EF9E9A1E9A}.Release|Any CPU.ActiveCfg = Release|Any CPU
		{AAC72962-4807-46E7-AF8B-42EF9E9A1E9A}.Release|Any CPU.Build.0 = Release|Any CPU
		{AAC72962-4807-46E7-AF8B-42EF9E9A1E9A}.Release|x64.ActiveCfg = Release|Any CPU
		{AAC72962-4807-46E7-AF8B-42EF9E9A1E9A}.Release|x64.Build.0 = Release|Any CPU
		{AAC72962-4807-46E7-AF8B-42EF9E9A1E9A}.Release|x86.ActiveCfg = Release|Any CPU
		{AAC72962-4807-46E7-AF8B-42EF9E9A1E9A}.Release|x86.Build.0 = Release|Any CPU
		{C528E861-3245-42C2-B3CE-F88C993746AB}.Debug|Any CPU.ActiveCfg = Debug|Any CPU
		{C528E861-3245-42C2-B3CE-F88C993746AB}.Debug|Any CPU.Build.0 = Debug|Any CPU
		{C528E861-3245-42C2-B3CE-F88C993746AB}.Debug|x64.ActiveCfg = Debug|Any CPU
		{C528E861-3245-42C2-B3CE-F88C993746AB}.Debug|x64.Build.0 = Debug|Any CPU
		{C528E861-3245-42C2-B3CE-F88C993746AB}.Debug|x86.ActiveCfg = Debug|Any CPU
		{C528E861-3245-42C2-B3CE-F88C993746AB}.Debug|x86.Build.0 = Debug|Any CPU
		{C528E861-3245-42C2-B3CE-F88C993746AB}.Release|Any CPU.ActiveCfg = Release|Any CPU
		{C528E861-3245-42C2-B3CE-F88C993746AB}.Release|Any CPU.Build.0 = Release|Any CPU
		{C528E861-3245-42C2-B3CE-F88C993746AB}.Release|x64.ActiveCfg = Release|Any CPU
		{C528E861-3245-42C2-B3CE-F88C993746AB}.Release|x64.Build.0 = Release|Any CPU
		{C528E861-3245-42C2-B3CE-F88C993746AB}.Release|x86.ActiveCfg = Release|Any CPU
		{C528E861-3245-42C2-B3CE-F88C993746AB}.Release|x86.Build.0 = Release|Any CPU
		{07A86AE6-96E8-4FC5-9443-4A53FBC9D579}.Debug|Any CPU.ActiveCfg = Debug|Any CPU
		{07A86AE6-96E8-4FC5-9443-4A53FBC9D579}.Debug|Any CPU.Build.0 = Debug|Any CPU
		{07A86AE6-96E8-4FC5-9443-4A53FBC9D579}.Debug|x64.ActiveCfg = Debug|Any CPU
		{07A86AE6-96E8-4FC5-9443-4A53FBC9D579}.Debug|x64.Build.0 = Debug|Any CPU
		{07A86AE6-96E8-4FC5-9443-4A53FBC9D579}.Debug|x86.ActiveCfg = Debug|Any CPU
		{07A86AE6-96E8-4FC5-9443-4A53FBC9D579}.Debug|x86.Build.0 = Debug|Any CPU
		{07A86AE6-96E8-4FC5-9443-4A53FBC9D579}.Release|Any CPU.ActiveCfg = Release|Any CPU
		{07A86AE6-96E8-4FC5-9443-4A53FBC9D579}.Release|Any CPU.Build.0 = Release|Any CPU
		{07A86AE6-96E8-4FC5-9443-4A53FBC9D579}.Release|x64.ActiveCfg = Release|Any CPU
		{07A86AE6-96E8-4FC5-9443-4A53FBC9D579}.Release|x64.Build.0 = Release|Any CPU
		{07A86AE6-96E8-4FC5-9443-4A53FBC9D579}.Release|x86.ActiveCfg = Release|Any CPU
		{07A86AE6-96E8-4FC5-9443-4A53FBC9D579}.Release|x86.Build.0 = Release|Any CPU
	EndGlobalSection
	GlobalSection(SolutionProperties) = preSolution
		HideSolutionNode = FALSE
	EndGlobalSection
	GlobalSection(NestedProjects) = preSolution
		{65F25752-AA74-4738-83A4-CC2686BEC49B} = {827E0CD3-B72D-47B6-A68D-7590B98EB39B}
		{08A45529-A266-431B-AC01-2532645CFE2F} = {827E0CD3-B72D-47B6-A68D-7590B98EB39B}
		{D51528B9-13F5-40FF-9FAC-72D5295C445F} = {827E0CD3-B72D-47B6-A68D-7590B98EB39B}
		{F8BC69A9-EFDA-4385-AE40-5B44CD00D9A7} = {5D20AA90-6969-D8BD-9DCD-8634F4692FDA}
		{6C73E6AB-D704-A97F-1BED-3C67E832B020} = {0AB3BF05-4346-4AA6-1389-037BE0695223}
		{F261B56F-55C4-48EB-BB4F-60D38ED4D0F9} = {6C73E6AB-D704-A97F-1BED-3C67E832B020}
		{9D556B49-86D1-93A7-9596-FFAAB74EC556} = {0AB3BF05-4346-4AA6-1389-037BE0695223}
		{AAC72962-4807-46E7-AF8B-42EF9E9A1E9A} = {9D556B49-86D1-93A7-9596-FFAAB74EC556}
		{C528E861-3245-42C2-B3CE-F88C993746AB} = {827E0CD3-B72D-47B6-A68D-7590B98EB39B}
		{07A86AE6-96E8-4FC5-9443-4A53FBC9D579} = {9D556B49-86D1-93A7-9596-FFAAB74EC556}
	EndGlobalSection
EndGlobal
